
Microsoft Visual Studio Solution File, Format Version 12.00
# Visual Studio Version 17
VisualStudioVersion = 17.13.35919.96 d17.13
MinimumVisualStudioVersion = 10.0.40219.1
Project("{FAE04EC0-301F-11D3-BF4B-00C04F79EFBC}") = "Calculadora.Android", "Calculadora\Calculadora.Android\Calculadora.Android.csproj", "{C35AF410-76B8-4265-B25A-BABD4E1677A1}"
EndProject
Project("{FAE04EC0-301F-11D3-BF4B-00C04F79EFBC}") = "Calculadora.iOS", "Calculadora\Calculadora.iOS\Calculadora.iOS.csproj", "{B7CEEA37-C18B-41F6-86DA-1DD6C1FB44FE}"
EndProject
Project("{FAE04EC0-301F-11D3-BF4B-00C04F79EFBC}") = "Calculadora", "Calculadora\Calculadora\Calculadora.csproj", "{2759103B-12DA-4BDC-A1B6-58B2E68D0778}"
EndProject
Global
	GlobalSection(SolutionConfigurationPlatforms) = preSolution
		Debug|Any CPU = Debug|Any CPU
		Release|Any CPU = Release|Any CPU
	EndGlobalSection
	GlobalSection(ProjectConfigurationPlatforms) = postSolution
		{C35AF410-76B8-4265-B25A-BABD4E1677A1}.Debug|Any CPU.ActiveCfg = Debug|Any CPU
		{C35AF410-76B8-4265-B25A-BABD4E1677A1}.Debug|Any CPU.Build.0 = Debug|Any CPU
		{C35AF410-76B8-4265-B25A-BABD4E1677A1}.Debug|Any CPU.Deploy.0 = Debug|Any CPU
		{C35AF410-76B8-4265-B25A-BABD4E1677A1}.Release|Any CPU.ActiveCfg = Release|Any CPU
		{C35AF410-76B8-4265-B25A-BABD4E1677A1}.Release|Any CPU.Build.0 = Release|Any CPU
		{C35AF410-76B8-4265-B25A-BABD4E1677A1}.Release|Any CPU.Deploy.0 = Release|Any CPU
		{B7CEEA37-C18B-41F6-86DA-1DD6C1FB44FE}.Debug|Any CPU.ActiveCfg = Debug|iPhone
		{B7CEEA37-C18B-41F6-86DA-1DD6C1FB44FE}.Debug|Any CPU.Build.0 = Debug|iPhone
		{B7CEEA37-C18B-41F6-86DA-1DD6C1FB44FE}.Debug|Any CPU.Deploy.0 = Debug|iPhone
		{B7CEEA37-C18B-41F6-86DA-1DD6C1FB44FE}.Release|Any CPU.ActiveCfg = Release|iPhoneSimulator
		{B7CEEA37-C18B-41F6-86DA-1DD6C1FB44FE}.Release|Any CPU.Build.0 = Release|iPhoneSimulator
		{B7CEEA37-C18B-41F6-86DA-1DD6C1FB44FE}.Release|Any CPU.Deploy.0 = Release|iPhoneSimulator
		{2759103B-12DA-4BDC-A1B6-58B2E68D0778}.Debug|Any CPU.ActiveCfg = Debug|Any CPU
		{2759103B-12DA-4BDC-A1B6-58B2E68D0778}.Debug|Any CPU.Build.0 = Debug|Any CPU
		{2759103B-12DA-4BDC-A1B6-58B2E68D0778}.Debug|Any CPU.Deploy.0 = Debug|Any CPU
		{2759103B-12DA-4BDC-A1B6-58B2E68D0778}.Release|Any CPU.ActiveCfg = Release|Any CPU
		{2759103B-12DA-4BDC-A1B6-58B2E68D0778}.Release|Any CPU.Build.0 = Release|Any CPU
		{2759103B-12DA-4BDC-A1B6-58B2E68D0778}.Release|Any CPU.Deploy.0 = Release|Any CPU
	EndGlobalSection
	GlobalSection(SolutionProperties) = preSolution
		HideSolutionNode = FALSE
	EndGlobalSection
	GlobalSection(ExtensibilityGlobals) = postSolution
		SolutionGuid = {B648D260-E3C9-42E9-A4E9-46530F209884}
	EndGlobalSection
EndGlobal
